
Microsoft Visual Studio Solution File, Format Version 12.00
# Visual Studio Version 16
VisualStudioVersion = 16.0.30204.135
MinimumVisualStudioVersion = 10.0.40219.1
Project("{9A19103F-16F7-4668-BE54-9A1E7A4F7556}") = "Jira.NET", "Jira.NET\Jira.NET.csproj", "{A2D91B21-086E-46B4-8769-D3F361A6828D}"
EndProject
Project("{FAE04EC0-301F-11D3-BF4B-00C04F79EFBC}") = "Jira.NET.Tests", "Jira.NET.Tests\Jira.NET.Tests.csproj", "{60FB4462-6E96-4F9D-BB11-528817BF7F47}"
EndProject
Project("{2150E333-8FDC-42A3-9474-1A3956D46DE8}") = "Samples", "Samples", "{43146555-A995-4B91-BC6D-82A6299B6182}"
EndProject
Project("{9A19103F-16F7-4668-BE54-9A1E7A4F7556}") = "Jira.NET.Sample.BasicUsage", "Samples\Jira.NET.Sample.BasicUsage\Jira.NET.Sample.BasicUsage.csproj", "{9596A149-8C5E-4AFA-B36F-66749B7359DA}"
EndProject
Global
	GlobalSection(SolutionConfigurationPlatforms) = preSolution
		Debug|Any CPU = Debug|Any CPU
		Release|Any CPU = Release|Any CPU
	EndGlobalSection
	GlobalSection(ProjectConfigurationPlatforms) = postSolution
		{A2D91B21-086E-46B4-8769-D3F361A6828D}.Debug|Any CPU.ActiveCfg = Debug|Any CPU
		{A2D91B21-086E-46B4-8769-D3F361A6828D}.Debug|Any CPU.Build.0 = Debug|Any CPU
		{A2D91B21-086E-46B4-8769-D3F361A6828D}.Release|Any CPU.ActiveCfg = Release|Any CPU
		{A2D91B21-086E-46B4-8769-D3F361A6828D}.Release|Any CPU.Build.0 = Release|Any CPU
		{60FB4462-6E96-4F9D-BB11-528817BF7F47}.Debug|Any CPU.ActiveCfg = Debug|Any CPU
		{60FB4462-6E96-4F9D-BB11-528817BF7F47}.Debug|Any CPU.Build.0 = Debug|Any CPU
		{60FB4462-6E96-4F9D-BB11-528817BF7F47}.Release|Any CPU.ActiveCfg = Release|Any CPU
		{60FB4462-6E96-4F9D-BB11-528817BF7F47}.Release|Any CPU.Build.0 = Release|Any CPU
		{9596A149-8C5E-4AFA-B36F-66749B7359DA}.Debug|Any CPU.ActiveCfg = Debug|Any CPU
		{9596A149-8C5E-4AFA-B36F-66749B7359DA}.Debug|Any CPU.Build.0 = Debug|Any CPU
		{9596A149-8C5E-4AFA-B36F-66749B7359DA}.Release|Any CPU.ActiveCfg = Release|Any CPU
		{9596A149-8C5E-4AFA-B36F-66749B7359DA}.Release|Any CPU.Build.0 = Release|Any CPU
	EndGlobalSection
	GlobalSection(SolutionProperties) = preSolution
		HideSolutionNode = FALSE
	EndGlobalSection
	GlobalSection(NestedProjects) = preSolution
		{9596A149-8C5E-4AFA-B36F-66749B7359DA} = {43146555-A995-4B91-BC6D-82A6299B6182}
	EndGlobalSection
	GlobalSection(ExtensibilityGlobals) = postSolution
		SolutionGuid = {9B1FD7E8-E749-4B73-A318-F9EAA1C21174}
	EndGlobalSection
EndGlobal
